<Solution>
  <Configurations>
    <Platform Name="x64" />
  </Configurations>
  <Project Path="01.BinarySearch/01.BinarySearch.vcxproj" Id="57c95b60-f811-4d94-b656-b5f3084fc961" />
  <Project Path="02.Random/02.Random.vcxproj" Id="e41b2d7c-a5d7-4f75-883c-dbd14efe3646" />
  <Project Path="03.BubbleSort/03.BubbleSort.vcxproj" Id="4694585e-20ed-46f7-82f4-61883add7989" />
  <Project Path="04.SelectionSort/04.SelectionSort.vcxproj" Id="098b9fb7-ba71-4214-87c9-1eaa8880d164" />
  <Project Path="05.InsertionSort/05.InsertionSort.vcxproj" Id="158d3982-ad6c-432d-a8d4-a9f7ab6e2064" />
  <Project Path="06.QuickSort/06.QuickSort.vcxproj" Id="e49bf296-9644-4205-913c-ea73557ce8c1" />
  <Project Path="07.MergeSort/07.MergeSort.vcxproj" Id="07da043e-4f0c-4870-9d45-7904d0320dff" />
  <Project Path="08.HeapSort/08.HeapSort.vcxproj" Id="679c4791-e7d7-4215-867b-a2947a76015d" />
  <Project Path="09.RedBlackTree/09.RedBlackTree.vcxproj" Id="68fcb6aa-6aa3-4747-90eb-7a6cdcc302d4" />
  <Project Path="10.AstarPathFinding/10.AstarPathFinding.vcxproj" Id="940c6f01-71c9-4985-ab06-616fb9c1afc8" />
</Solution>
